
Microsoft Visual Studio Solution File, Format Version 12.00
# Visual Studio Version 16
VisualStudioVersion = 16.0.30320.27
MinimumVisualStudioVersion = 10.0.40219.1
Project("{FAE04EC0-301F-11D3-BF4B-00C04F79EFBC}") = "PharmacyWeb", "PharmacyWeb.csproj", "{FD5DA1A3-F0C2-466C-9BCE-FDB36B5333C1}"
EndProject
Project("{FAE04EC0-301F-11D3-BF4B-00C04F79EFBC}") = "PharmacyBLL", "..\PharmacyBLL\PharmacyBLL.csproj", "{EF1A9A50-5B7C-472B-8561-25D139630FC9}"
EndProject
Project("{FAE04EC0-301F-11D3-BF4B-00C04F79EFBC}") = "PharmacyDAL", "..\PharmacyDAL\PharmacyDAL.csproj", "{0CF19C02-1AC4-4CBB-B2C7-8A9A837F4BB7}"
EndProject
Global
	GlobalSection(SolutionConfigurationPlatforms) = preSolution
		Debug|Any CPU = Debug|Any CPU
		Release|Any CPU = Release|Any CPU
	EndGlobalSection
	GlobalSection(ProjectConfigurationPlatforms) = postSolution
		{FD5DA1A3-F0C2-466C-9BCE-FDB36B5333C1}.Debug|Any CPU.ActiveCfg = Debug|Any CPU
		{FD5DA1A3-F0C2-466C-9BCE-FDB36B5333C1}.Debug|Any CPU.Build.0 = Debug|Any CPU
		{FD5DA1A3-F0C2-466C-9BCE-FDB36B5333C1}.Release|Any CPU.ActiveCfg = Release|Any CPU
		{FD5DA1A3-F0C2-466C-9BCE-FDB36B5333C1}.Release|Any CPU.Build.0 = Release|Any CPU
		{EF1A9A50-5B7C-472B-8561-25D139630FC9}.Debug|Any CPU.ActiveCfg = Debug|Any CPU
		{EF1A9A50-5B7C-472B-8561-25D139630FC9}.Debug|Any CPU.Build.0 = Debug|Any CPU
		{EF1A9A50-5B7C-472B-8561-25D139630FC9}.Release|Any CPU.ActiveCfg = Release|Any CPU
		{EF1A9A50-5B7C-472B-8561-25D139630FC9}.Release|Any CPU.Build.0 = Release|Any CPU
		{0CF19C02-1AC4-4CBB-B2C7-8A9A837F4BB7}.Debug|Any CPU.ActiveCfg = Debug|Any CPU
		{0CF19C02-1AC4-4CBB-B2C7-8A9A837F4BB7}.Debug|Any CPU.Build.0 = Debug|Any CPU
		{0CF19C02-1AC4-4CBB-B2C7-8A9A837F4BB7}.Release|Any CPU.ActiveCfg = Release|Any CPU
		{0CF19C02-1AC4-4CBB-B2C7-8A9A837F4BB7}.Release|Any CPU.Build.0 = Release|Any CPU
	EndGlobalSection
	GlobalSection(SolutionProperties) = preSolution
		HideSolutionNode = FALSE
	EndGlobalSection
	GlobalSection(ExtensibilityGlobals) = postSolution
		SolutionGuid = {D65D2C28-C745-48CB-B2DD-0B828D2F907A}
	EndGlobalSection
EndGlobal
